
Microsoft Visual Studio Solution File, Format Version 12.00
# Visual Studio Version 17
VisualStudioVersion = 17.5.33516.290
MinimumVisualStudioVersion = 10.0.40219.1
Project("{FAE04EC0-301F-11D3-BF4B-00C04F79EFBC}") = "MyFaculty2", "MyFaculty2.csproj", "{FE4687FB-D5F7-4D35-96FA-87CB6E87E03D}"
EndProject
Global
	GlobalSection(SolutionConfigurationPlatforms) = preSolution
		Debug|Any CPU = Debug|Any CPU
		Release|Any CPU = Release|Any CPU
	EndGlobalSection
	GlobalSection(ProjectConfigurationPlatforms) = postSolution
		{FE4687FB-D5F7-4D35-96FA-87CB6E87E03D}.Debug|Any CPU.ActiveCfg = Debug|Any CPU
		{FE4687FB-D5F7-4D35-96FA-87CB6E87E03D}.Debug|Any CPU.Build.0 = Debug|Any CPU
		{FE4687FB-D5F7-4D35-96FA-87CB6E87E03D}.Release|Any CPU.ActiveCfg = Release|Any CPU
		{FE4687FB-D5F7-4D35-96FA-87CB6E87E03D}.Release|Any CPU.Build.0 = Release|Any CPU
	EndGlobalSection
	GlobalSection(SolutionProperties) = preSolution
		HideSolutionNode = FALSE
	EndGlobalSection
	GlobalSection(ExtensibilityGlobals) = postSolution
		SolutionGuid = {51895960-9A34-4767-AED8-26919E11D1F3}
	EndGlobalSection
EndGlobal
